// !$*UTF8*$!
{
	archiveVersion = 1;
	classes = {
	};
	objectVersion = 48;
	objects = {

/* Begin PBXBuildFile section */
		1311A377200F20CE00B9A59F /* AppDelegate.swift in Sources */ = {isa = PBXBuildFile; fileRef = 1311A376200F20CE00B9A59F /* AppDelegate.swift */; };
		1311A379200F20CE00B9A59F /* CompaniesController.swift in Sources */ = {isa = PBXBuildFile; fileRef = 1311A378200F20CE00B9A59F /* CompaniesController.swift */; };
		1311A37C200F20CE00B9A59F /* Main.storyboard in Resources */ = {isa = PBXBuildFile; fileRef = 1311A37A200F20CE00B9A59F /* Main.storyboard */; };
		1311A37E200F20CE00B9A59F /* Assets.xcassets in Resources */ = {isa = PBXBuildFile; fileRef = 1311A37D200F20CE00B9A59F /* Assets.xcassets */; };
		1311A381200F20CE00B9A59F /* LaunchScreen.storyboard in Resources */ = {isa = PBXBuildFile; fileRef = 1311A37F200F20CE00B9A59F /* LaunchScreen.storyboard */; };
		1311A389200F2AB800B9A59F /* UIColor+theme.swift in Sources */ = {isa = PBXBuildFile; fileRef = 1311A388200F2AB800B9A59F /* UIColor+theme.swift */; };
		1311A38D200F376700B9A59F /* CreateCompanyController.swift in Sources */ = {isa = PBXBuildFile; fileRef = 1311A38C200F376700B9A59F /* CreateCompanyController.swift */; };
		1311A390200F4C4300B9A59F /* sampleCoreData.xcdatamodeld in Sources */ = {isa = PBXBuildFile; fileRef = 1311A38E200F4C4300B9A59F /* sampleCoreData.xcdatamodeld */; };
		1311A392200F578000B9A59F /* CoreDataManager.swift in Sources */ = {isa = PBXBuildFile; fileRef = 1311A391200F578000B9A59F /* CoreDataManager.swift */; };
		1311A3942011D92200B9A59F /* CompanyCell.swift in Sources */ = {isa = PBXBuildFile; fileRef = 1311A3932011D92200B9A59F /* CompanyCell.swift */; };
		1311A3972011EBC600B9A59F /* CompaniesController+CreateCompanyDelegate.swift in Sources */ = {isa = PBXBuildFile; fileRef = 1311A3962011EBC600B9A59F /* CompaniesController+CreateCompanyDelegate.swift */; };
		1311A3992011ECC400B9A59F /* CompaniesController+UITableView.swift in Sources */ = {isa = PBXBuildFile; fileRef = 1311A3982011ECC400B9A59F /* CompaniesController+UITableView.swift */; };
		1311A39B201299C800B9A59F /* EmployeesController.swift in Sources */ = {isa = PBXBuildFile; fileRef = 1311A39A201299C800B9A59F /* EmployeesController.swift */; };
		1311A39E20129EA100B9A59F /* UIViewController+Helpers.swift in Sources */ = {isa = PBXBuildFile; fileRef = 1311A39D20129EA100B9A59F /* UIViewController+Helpers.swift */; };
		1311A3A02012A0E000B9A59F /* CreateEmployeeController.swift in Sources */ = {isa = PBXBuildFile; fileRef = 1311A39F2012A0E000B9A59F /* CreateEmployeeController.swift */; };
		1311A3A32012C40500B9A59F /* Employees+UITableViewController.swift in Sources */ = {isa = PBXBuildFile; fileRef = 1311A3A22012C40500B9A59F /* Employees+UITableViewController.swift */; };
		1311A3A52012C5BD00B9A59F /* EmployeeCell.swift in Sources */ = {isa = PBXBuildFile; fileRef = 1311A3A42012C5BD00B9A59F /* EmployeeCell.swift */; };
		1311A3A72014193E00B9A59F /* EmployeeType.swift in Sources */ = {isa = PBXBuildFile; fileRef = 1311A3A62014193E00B9A59F /* EmployeeType.swift */; };
		1311A3A92018462600B9A59F /* CompaniesAutoUpdateController.swift in Sources */ = {isa = PBXBuildFile; fileRef = 1311A3A82018462600B9A59F /* CompaniesAutoUpdateController.swift */; };
		1311A3AB201862CA00B9A59F /* JSONService.swift in Sources */ = {isa = PBXBuildFile; fileRef = 1311A3AA201862CA00B9A59F /* JSONService.swift */; };
/* End PBXBuildFile section */

/* Begin PBXFileReference section */
		1311A373200F20CE00B9A59F /* CoreDataProject.app */ = {isa = PBXFileReference; explicitFileType = wrapper.application; includeInIndex = 0; path = CoreDataProject.app; sourceTree = BUILT_PRODUCTS_DIR; };
		1311A376200F20CE00B9A59F /* AppDelegate.swift */ = {isa = PBXFileReference; lastKnownFileType = sourcecode.swift; path = AppDelegate.swift; sourceTree = "<group>"; };
		1311A378200F20CE00B9A59F /* CompaniesController.swift */ = {isa = PBXFileReference; lastKnownFileType = sourcecode.swift; path = CompaniesController.swift; sourceTree = "<group>"; };
		1311A37B200F20CE00B9A59F /* Base */ = {isa = PBXFileReference; lastKnownFileType = file.storyboard; name = Base; path = Base.lproj/Main.storyboard; sourceTree = "<group>"; };
		1311A37D200F20CE00B9A59F /* Assets.xcassets */ = {isa = PBXFileReference; lastKnownFileType = folder.assetcatalog; path = Assets.xcassets; sourceTree = "<group>"; };
		1311A380200F20CE00B9A59F /* Base */ = {isa = PBXFileReference; lastKnownFileType = file.storyboard; name = Base; path = Base.lproj/LaunchScreen.storyboard; sourceTree = "<group>"; };
		1311A382200F20CE00B9A59F /* Info.plist */ = {isa = PBXFileReference; lastKnownFileType = text.plist.xml; path = Info.plist; sourceTree = "<group>"; };
		1311A388200F2AB800B9A59F /* UIColor+theme.swift */ = {isa = PBXFileReference; lastKnownFileType = sourcecode.swift; path = "UIColor+theme.swift"; sourceTree = "<group>"; };
		1311A38C200F376700B9A59F /* CreateCompanyController.swift */ = {isa = PBXFileReference; lastKnownFileType = sourcecode.swift; path = CreateCompanyController.swift; sourceTree = "<group>"; };
		1311A38F200F4C4300B9A59F /* sampleCoreData.xcdatamodel */ = {isa = PBXFileReference; lastKnownFileType = wrapper.xcdatamodel; path = sampleCoreData.xcdatamodel; sourceTree = "<group>"; };
		1311A391200F578000B9A59F /* CoreDataManager.swift */ = {isa = PBXFileReference; lastKnownFileType = sourcecode.swift; path = CoreDataManager.swift; sourceTree = "<group>"; };
		1311A3932011D92200B9A59F /* CompanyCell.swift */ = {isa = PBXFileReference; lastKnownFileType = sourcecode.swift; path = CompanyCell.swift; sourceTree = "<group>"; };
		1311A3962011EBC600B9A59F /* CompaniesController+CreateCompanyDelegate.swift */ = {isa = PBXFileReference; lastKnownFileType = sourcecode.swift; path = "CompaniesController+CreateCompanyDelegate.swift"; sourceTree = "<group>"; };
		1311A3982011ECC400B9A59F /* CompaniesController+UITableView.swift */ = {isa = PBXFileReference; lastKnownFileType = sourcecode.swift; path = "CompaniesController+UITableView.swift"; sourceTree = "<group>"; };
		1311A39A201299C800B9A59F /* EmployeesController.swift */ = {isa = PBXFileReference; lastKnownFileType = sourcecode.swift; path = EmployeesController.swift; sourceTree = "<group>"; };
		1311A39D20129EA100B9A59F /* UIViewController+Helpers.swift */ = {isa = PBXFileReference; lastKnownFileType = sourcecode.swift; path = "UIViewController+Helpers.swift"; sourceTree = "<group>"; };
		1311A39F2012A0E000B9A59F /* CreateEmployeeController.swift */ = {isa = PBXFileReference; lastKnownFileType = sourcecode.swift; path = CreateEmployeeController.swift; sourceTree = "<group>"; };
		1311A3A22012C40500B9A59F /* Employees+UITableViewController.swift */ = {isa = PBXFileReference; lastKnownFileType = sourcecode.swift; path = "Employees+UITableViewController.swift"; sourceTree = "<group>"; };
		1311A3A42012C5BD00B9A59F /* EmployeeCell.swift */ = {isa = PBXFileReference; lastKnownFileType = sourcecode.swift; path = EmployeeCell.swift; sourceTree = "<group>"; };
		1311A3A62014193E00B9A59F /* EmployeeType.swift */ = {isa = PBXFileReference; lastKnownFileType = sourcecode.swift; path = EmployeeType.swift; sourceTree = "<group>"; };
		1311A3A82018462600B9A59F /* CompaniesAutoUpdateController.swift */ = {isa = PBXFileReference; lastKnownFileType = sourcecode.swift; path = CompaniesAutoUpdateController.swift; sourceTree = "<group>"; };
		1311A3AA201862CA00B9A59F /* JSONService.swift */ = {isa = PBXFileReference; lastKnownFileType = sourcecode.swift; path = JSONService.swift; sourceTree = "<group>"; };
/* End PBXFileReference section */

/* Begin PBXFrameworksBuildPhase section */
		1311A370200F20CE00B9A59F /* Frameworks */ = {
			isa = PBXFrameworksBuildPhase;
			buildActionMask = 2147483647;
			files = (
			);
			runOnlyForDeploymentPostprocessing = 0;
		};
/* End PBXFrameworksBuildPhase section */

/* Begin PBXGroup section */
		1311A36A200F20CE00B9A59F = {
			isa = PBXGroup;
			children = (
				1311A375200F20CE00B9A59F /* CoreDataProject */,
				1311A374200F20CE00B9A59F /* Products */,
			);
			sourceTree = "<group>";
		};
		1311A374200F20CE00B9A59F /* Products */ = {
			isa = PBXGroup;
			children = (
				1311A373200F20CE00B9A59F /* CoreDataProject.app */,
			);
			name = Products;
			sourceTree = "<group>";
		};
		1311A375200F20CE00B9A59F /* CoreDataProject */ = {
			isa = PBXGroup;
			children = (
				1311A39C20129E9000B9A59F /* Helpers */,
				1311A3952011DB9D00B9A59F /* Companies */,
				1311A376200F20CE00B9A59F /* AppDelegate.swift */,
				1311A37A200F20CE00B9A59F /* Main.storyboard */,
				1311A37D200F20CE00B9A59F /* Assets.xcassets */,
				1311A37F200F20CE00B9A59F /* LaunchScreen.storyboard */,
				1311A382200F20CE00B9A59F /* Info.plist */,
				1311A388200F2AB800B9A59F /* UIColor+theme.swift */,
				1311A38E200F4C4300B9A59F /* sampleCoreData.xcdatamodeld */,
				1311A391200F578000B9A59F /* CoreDataManager.swift */,
			);
			path = CoreDataProject;
			sourceTree = "<group>";
		};
		1311A3952011DB9D00B9A59F /* Companies */ = {
			isa = PBXGroup;
			children = (
				1311A378200F20CE00B9A59F /* CompaniesController.swift */,
				1311A3932011D92200B9A59F /* CompanyCell.swift */,
				1311A3962011EBC600B9A59F /* CompaniesController+CreateCompanyDelegate.swift */,
				1311A3982011ECC400B9A59F /* CompaniesController+UITableView.swift */,
				1311A38C200F376700B9A59F /* CreateCompanyController.swift */,
				1311A3A82018462600B9A59F /* CompaniesAutoUpdateController.swift */,
				1311A3A12012C3DB00B9A59F /* Employees */,
				1311A3AA201862CA00B9A59F /* JSONService.swift */,
			);
			path = Companies;
			sourceTree = "<group>";
		};
		1311A39C20129E9000B9A59F /* Helpers */ = {
			isa = PBXGroup;
			children = (
				1311A39D20129EA100B9A59F /* UIViewController+Helpers.swift */,
			);
			path = Helpers;
			sourceTree = "<group>";
		};
		1311A3A12012C3DB00B9A59F /* Employees */ = {
			isa = PBXGroup;
			children = (
				1311A39A201299C800B9A59F /* EmployeesController.swift */,
				1311A39F2012A0E000B9A59F /* CreateEmployeeController.swift */,
				1311A3A22012C40500B9A59F /* Employees+UITableViewController.swift */,
				1311A3A42012C5BD00B9A59F /* EmployeeCell.swift */,
				1311A3A62014193E00B9A59F /* EmployeeType.swift */,
			);
			path = Employees;
			sourceTree = "<group>";
		};
/* End PBXGroup section */

/* Begin PBXNativeTarget section */
		1311A372200F20CE00B9A59F /* CoreDataProject */ = {
			isa = PBXNativeTarget;
			buildConfigurationList = 1311A385200F20CE00B9A59F /* Build configuration list for PBXNativeTarget "CoreDataProject" */;
			buildPhases = (
				1311A36F200F20CE00B9A59F /* Sources */,
				1311A370200F20CE00B9A59F /* Frameworks */,
				1311A371200F20CE00B9A59F /* Resources */,
			);
			buildRules = (
			);
			dependencies = (
			);
			name = CoreDataProject;
			productName = CoreDataProject;
			productReference = 1311A373200F20CE00B9A59F /* CoreDataProject.app */;
			productType = "com.apple.product-type.application";
		};
/* End PBXNativeTarget section */

/* Begin PBXProject section */
		1311A36B200F20CE00B9A59F /* Project object */ = {
			isa = PBXProject;
			attributes = {
				LastSwiftUpdateCheck = 0910;
				LastUpgradeCheck = 0910;
				ORGANIZATIONNAME = Ayotunde;
				TargetAttributes = {
					1311A372200F20CE00B9A59F = {
						CreatedOnToolsVersion = 9.1;
						ProvisioningStyle = Automatic;
					};
				};
			};
			buildConfigurationList = 1311A36E200F20CE00B9A59F /* Build configuration list for PBXProject "CoreDataProject" */;
			compatibilityVersion = "Xcode 8.0";
			developmentRegion = en;
			hasScannedForEncodings = 0;
			knownRegions = (
				en,
				Base,
			);
			mainGroup = 1311A36A200F20CE00B9A59F;
			productRefGroup = 1311A374200F20CE00B9A59F /* Products */;
			projectDirPath = "";
			projectRoot = "";
			targets = (
				1311A372200F20CE00B9A59F /* CoreDataProject */,
			);
		};
/* End PBXProject section */

/* Begin PBXResourcesBuildPhase section */
		1311A371200F20CE00B9A59F /* Resources */ = {
			isa = PBXResourcesBuildPhase;
			buildActionMask = 2147483647;
			files = (
				1311A381200F20CE00B9A59F /* LaunchScreen.storyboard in Resources */,
				1311A37E200F20CE00B9A59F /* Assets.xcassets in Resources */,
				1311A37C200F20CE00B9A59F /* Main.storyboard in Resources */,
			);
			runOnlyForDeploymentPostprocessing = 0;
		};
/* End PBXResourcesBuildPhase section */

/* Begin PBXSourcesBuildPhase section */
		1311A36F200F20CE00B9A59F /* Sources */ = {
			isa = PBXSourcesBuildPhase;
			buildActionMask = 2147483647;
			files = (
				1311A3AB201862CA00B9A59F /* JSONService.swift in Sources */,
				1311A389200F2AB800B9A59F /* UIColor+theme.swift in Sources */,
				1311A3A02012A0E000B9A59F /* CreateEmployeeController.swift in Sources */,
				1311A3A32012C40500B9A59F /* Employees+UITableViewController.swift in Sources */,
				1311A379200F20CE00B9A59F /* CompaniesController.swift in Sources */,
				1311A3A72014193E00B9A59F /* EmployeeType.swift in Sources */,
				1311A3A92018462600B9A59F /* CompaniesAutoUpdateController.swift in Sources */,
				1311A390200F4C4300B9A59F /* sampleCoreData.xcdatamodeld in Sources */,
				1311A3942011D92200B9A59F /* CompanyCell.swift in Sources */,
				1311A377200F20CE00B9A59F /* AppDelegate.swift in Sources */,
				1311A38D200F376700B9A59F /* CreateCompanyController.swift in Sources */,
				1311A3992011ECC400B9A59F /* CompaniesController+UITableView.swift in Sources */,
				1311A3A52012C5BD00B9A59F /* EmployeeCell.swift in Sources */,
				1311A39B201299C800B9A59F /* EmployeesController.swift in Sources */,
				1311A39E20129EA100B9A59F /* UIViewController+Helpers.swift in Sources */,
				1311A3972011EBC600B9A59F /* CompaniesController+CreateCompanyDelegate.swift in Sources */,
				1311A392200F578000B9A59F /* CoreDataManager.swift in Sources */,
			);
			runOnlyForDeploymentPostprocessing = 0;
		};
/* End PBXSourcesBuildPhase section */

/* Begin PBXVariantGroup section */
		1311A37A200F20CE00B9A59F /* Main.storyboard */ = {
			isa = PBXVariantGroup;
			children = (
				1311A37B200F20CE00B9A59F /* Base */,
			);
			name = Main.storyboard;
			sourceTree = "<group>";
		};
		1311A37F200F20CE00B9A59F /* LaunchScreen.storyboard */ = {
			isa = PBXVariantGroup;
			children = (
				1311A380200F20CE00B9A59F /* Base */,
			);
			name = LaunchScreen.storyboard;
			sourceTree = "<group>";
		};
/* End PBXVariantGroup section */

/* Begin XCBuildConfiguration section */
		1311A383200F20CE00B9A59F /* Debug */ = {
			isa = XCBuildConfiguration;
			buildSettings = {
				ALWAYS_SEARCH_USER_PATHS = NO;
				CLANG_ANALYZER_NONNULL = YES;
				CLANG_ANALYZER_NUMBER_OBJECT_CONVERSION = YES_AGGRESSIVE;
				CLANG_CXX_LANGUAGE_STANDARD = "gnu++14";
				CLANG_CXX_LIBRARY = "libc++";
				CLANG_ENABLE_MODULES = YES;
				CLANG_ENABLE_OBJC_ARC = YES;
				CLANG_WARN_BLOCK_CAPTURE_AUTORELEASING = YES;
				CLANG_WARN_BOOL_CONVERSION = YES;
				CLANG_WARN_COMMA = YES;
				CLANG_WARN_CONSTANT_CONVERSION = YES;
				CLANG_WARN_DIRECT_OBJC_ISA_USAGE = YES_ERROR;
				CLANG_WARN_DOCUMENTATION_COMMENTS = YES;
				CLANG_WARN_EMPTY_BODY = YES;
				CLANG_WARN_ENUM_CONVERSION = YES;
				CLANG_WARN_INFINITE_RECURSION = YES;
				CLANG_WARN_INT_CONVERSION = YES;
				CLANG_WARN_NON_LITERAL_NULL_CONVERSION = YES;
				CLANG_WARN_OBJC_LITERAL_CONVERSION = YES;
				CLANG_WARN_OBJC_ROOT_CLASS = YES_ERROR;
				CLANG_WARN_RANGE_LOOP_ANALYSIS = YES;
				CLANG_WARN_STRICT_PROTOTYPES = YES;
				CLANG_WARN_SUSPICIOUS_MOVE = YES;
				CLANG_WARN_UNGUARDED_AVAILABILITY = YES_AGGRESSIVE;
				CLANG_WARN_UNREACHABLE_CODE = YES;
				CLANG_WARN__DUPLICATE_METHOD_MATCH = YES;
				CODE_SIGN_IDENTITY = "iPhone Developer";
				COPY_PHASE_STRIP = NO;
				DEBUG_INFORMATION_FORMAT = dwarf;
				ENABLE_STRICT_OBJC_MSGSEND = YES;
				ENABLE_TESTABILITY = YES;
				GCC_C_LANGUAGE_STANDARD = gnu11;
				GCC_DYNAMIC_NO_PIC = NO;
				GCC_NO_COMMON_BLOCKS = YES;
				GCC_OPTIMIZATION_LEVEL = 0;
				GCC_PREPROCESSOR_DEFINITIONS = (
					"DEBUG=1",
					"$(inherited)",
				);
				GCC_WARN_64_TO_32_BIT_CONVERSION = YES;
				GCC_WARN_ABOUT_RETURN_TYPE = YES_ERROR;
				GCC_WARN_UNDECLARED_SELECTOR = YES;
				GCC_WARN_UNINITIALIZED_AUTOS = YES_AGGRESSIVE;
				GCC_WARN_UNUSED_FUNCTION = YES;
				GCC_WARN_UNUSED_VARIABLE = YES;
				IPHONEOS_DEPLOYMENT_TARGET = 11.1;
				MTL_ENABLE_DEBUG_INFO = YES;
				ONLY_ACTIVE_ARCH = YES;
				SDKROOT = iphoneos;
				SWIFT_ACTIVE_COMPILATION_CONDITIONS = DEBUG;
				SWIFT_OPTIMIZATION_LEVEL = "-Onone";
			};
			name = Debug;
		};
		1311A384200F20CE00B9A59F /* Release */ = {
			isa = XCBuildConfiguration;
			buildSettings = {
				ALWAYS_SEARCH_USER_PATHS = NO;
				CLANG_ANALYZER_NONNULL = YES;
				CLANG_ANALYZER_NUMBER_OBJECT_CONVERSION = YES_AGGRESSIVE;
				CLANG_CXX_LANGUAGE_STANDARD = "gnu++14";
				CLANG_CXX_LIBRARY = "libc++";
				CLANG_ENABLE_MODULES = YES;
				CLANG_ENABLE_OBJC_ARC = YES;
				CLANG_WARN_BLOCK_CAPTURE_AUTORELEASING = YES;
				CLANG_WARN_BOOL_CONVERSION = YES;
				CLANG_WARN_COMMA = YES;
				CLANG_WARN_CONSTANT_CONVERSION = YES;
				CLANG_WARN_DIRECT_OBJC_ISA_USAGE = YES_ERROR;
				CLANG_WARN_DOCUMENTATION_COMMENTS = YES;
				CLANG_WARN_EMPTY_BODY = YES;
				CLANG_WARN_ENUM_CONVERSION = YES;
				CLANG_WARN_INFINITE_RECURSION = YES;
				CLANG_WARN_INT_CONVERSION = YES;
				CLANG_WARN_NON_LITERAL_NULL_CONVERSION = YES;
				CLANG_WARN_OBJC_LITERAL_CONVERSION = YES;
				CLANG_WARN_OBJC_ROOT_CLASS = YES_ERROR;
				CLANG_WARN_RANGE_LOOP_ANALYSIS = YES;
				CLANG_WARN_STRICT_PROTOTYPES = YES;
				CLANG_WARN_SUSPICIOUS_MOVE = YES;
				CLANG_WARN_UNGUARDED_AVAILABILITY = YES_AGGRESSIVE;
				CLANG_WARN_UNREACHABLE_CODE = YES;
				CLANG_WARN__DUPLICATE_METHOD_MATCH = YES;
				CODE_SIGN_IDENTITY = "iPhone Developer";
				COPY_PHASE_STRIP = NO;
				DEBUG_INFORMATION_FORMAT = "dwarf-with-dsym";
				ENABLE_NS_ASSERTIONS = NO;
				ENABLE_STRICT_OBJC_MSGSEND = YES;
				GCC_C_LANGUAGE_STANDARD = gnu11;
				GCC_NO_COMMON_BLOCKS = YES;
				GCC_WARN_64_TO_32_BIT_CONVERSION = YES;
				GCC_WARN_ABOUT_RETURN_TYPE = YES_ERROR;
				GCC_WARN_UNDECLARED_SELECTOR = YES;
				GCC_WARN_UNINITIALIZED_AUTOS = YES_AGGRESSIVE;
				GCC_WARN_UNUSED_FUNCTION = YES;
				GCC_WARN_UNUSED_VARIABLE = YES;
				IPHONEOS_DEPLOYMENT_TARGET = 11.1;
				MTL_ENABLE_DEBUG_INFO = NO;
				SDKROOT = iphoneos;
				SWIFT_OPTIMIZATION_LEVEL = "-Owholemodule";
				VALIDATE_PRODUCT = YES;
			};
			name = Release;
		};
		1311A386200F20CE00B9A59F /* Debug */ = {
			isa = XCBuildConfiguration;
			buildSettings = {
				ASSETCATALOG_COMPILER_APPICON_NAME = AppIcon;
				CODE_SIGN_STYLE = Automatic;
				DEVELOPMENT_TEAM = 8DANY67H23;
				INFOPLIST_FILE = CoreDataProject/Info.plist;
				LD_RUNPATH_SEARCH_PATHS = "$(inherited) @executable_path/Frameworks";
				PRODUCT_BUNDLE_IDENTIFIER = com.tunscopi.CoreDataProject;
				PRODUCT_NAME = "$(TARGET_NAME)";
				SWIFT_VERSION = 4.0;
				TARGETED_DEVICE_FAMILY = "1,2";
			};
			name = Debug;
		};
		1311A387200F20CE00B9A59F /* Release */ = {
			isa = XCBuildConfiguration;
			buildSettings = {
				ASSETCATALOG_COMPILER_APPICON_NAME = AppIcon;
				CODE_SIGN_STYLE = Automatic;
				DEVELOPMENT_TEAM = 8DANY67H23;
				INFOPLIST_FILE = CoreDataProject/Info.plist;
				LD_RUNPATH_SEARCH_PATHS = "$(inherited) @executable_path/Frameworks";
				PRODUCT_BUNDLE_IDENTIFIER = com.tunscopi.CoreDataProject;
				PRODUCT_NAME = "$(TARGET_NAME)";
				SWIFT_VERSION = 4.0;
				TARGETED_DEVICE_FAMILY = "1,2";
			};
			name = Release;
		};
/* End XCBuildConfiguration section */

/* Begin XCConfigurationList section */
		1311A36E200F20CE00B9A59F /* Build configuration list for PBXProject "CoreDataProject" */ = {
			isa = XCConfigurationList;
			buildConfigurations = (
				1311A383200F20CE00B9A59F /* Debug */,
				1311A384200F20CE00B9A59F /* Release */,
			);
			defaultConfigurationIsVisible = 0;
			defaultConfigurationName = Release;
		};
		1311A385200F20CE00B9A59F /* Build configuration list for PBXNativeTarget "CoreDataProject" */ = {
			isa = XCConfigurationList;
			buildConfigurations = (
				1311A386200F20CE00B9A59F /* Debug */,
				1311A387200F20CE00B9A59F /* Release */,
			);
			defaultConfigurationIsVisible = 0;
			defaultConfigurationName = Release;
		};
/* End XCConfigurationList section */

/* Begin XCVersionGroup section */
		1311A38E200F4C4300B9A59F /* sampleCoreData.xcdatamodeld */ = {
			isa = XCVersionGroup;
			children = (
				1311A38F200F4C4300B9A59F /* sampleCoreData.xcdatamodel */,
			);
			currentVersion = 1311A38F200F4C4300B9A59F /* sampleCoreData.xcdatamodel */;
			path = sampleCoreData.xcdatamodeld;
			sourceTree = "<group>";
			versionGroupType = wrapper.xcdatamodel;
		};
/* End XCVersionGroup section */
	};
	rootObject = 1311A36B200F20CE00B9A59F /* Project object */;
}
